
Microsoft Visual Studio Solution File, Format Version 12.00
# Visual Studio Version 17
VisualStudioVersion = 17.0.32112.339
MinimumVisualStudioVersion = 10.0.40219.1
Project("{9A19103F-16F7-4668-BE54-9A1E7A4F7556}") = "csharp", "csharp.csproj", "{5CA0013B-243C-493C-BC46-AC4EF4898DE2}"
EndProject
Global
	GlobalSection(SolutionConfigurationPlatforms) = preSolution
		Debug|Any CPU = Debug|Any CPU
		Release|Any CPU = Release|Any CPU
	EndGlobalSection
	GlobalSection(ProjectConfigurationPlatforms) = postSolution
		{5CA0013B-243C-493C-BC46-AC4EF4898DE2}.Debug|Any CPU.ActiveCfg = Debug|Any CPU
		{5CA0013B-243C-493C-BC46-AC4EF4898DE2}.Debug|Any CPU.Build.0 = Debug|Any CPU
		{5CA0013B-243C-493C-BC46-AC4EF4898DE2}.Release|Any CPU.ActiveCfg = Release|Any CPU
		{5CA0013B-243C-493C-BC46-AC4EF4898DE2}.Release|Any CPU.Build.0 = Release|Any CPU
	EndGlobalSection
	GlobalSection(SolutionProperties) = preSolution
		HideSolutionNode = FALSE
	EndGlobalSection
	GlobalSection(ExtensibilityGlobals) = postSolution
		SolutionGuid = {B94003C9-EF29-400E-A31C-EE96EE89F230}
	EndGlobalSection
EndGlobal
